
Microsoft Visual Studio Solution File, Format Version 12.00
# Visual Studio Version 17
VisualStudioVersion = 17.13.35828.75 d17.13
MinimumVisualStudioVersion = 10.0.40219.1
Project("{FAE04EC0-301F-11D3-BF4B-00C04F79EFBC}") = "cslm", "cslm\cslm.csproj", "{1A3E1975-8875-442C-8E03-B7348080D59E}"
EndProject
Project("{FAE04EC0-301F-11D3-BF4B-00C04F79EFBC}") = "cslm.test", "cslm.test\cslm.test.csproj", "{45D47DF3-97A4-4274-AB5D-B6C0F41304D2}"
EndProject
Global
	GlobalSection(SolutionConfigurationPlatforms) = preSolution
		Debug|Any CPU = Debug|Any CPU
		Release|Any CPU = Release|Any CPU
	EndGlobalSection
	GlobalSection(ProjectConfigurationPlatforms) = postSolution
		{1A3E1975-8875-442C-8E03-B7348080D59E}.Debug|Any CPU.ActiveCfg = Debug|Any CPU
		{1A3E1975-8875-442C-8E03-B7348080D59E}.Debug|Any CPU.Build.0 = Debug|Any CPU
		{1A3E1975-8875-442C-8E03-B7348080D59E}.Release|Any CPU.ActiveCfg = Release|Any CPU
		{1A3E1975-8875-442C-8E03-B7348080D59E}.Release|Any CPU.Build.0 = Release|Any CPU
		{45D47DF3-97A4-4274-AB5D-B6C0F41304D2}.Debug|Any CPU.ActiveCfg = Debug|Any CPU
		{45D47DF3-97A4-4274-AB5D-B6C0F41304D2}.Debug|Any CPU.Build.0 = Debug|Any CPU
		{45D47DF3-97A4-4274-AB5D-B6C0F41304D2}.Release|Any CPU.ActiveCfg = Release|Any CPU
		{45D47DF3-97A4-4274-AB5D-B6C0F41304D2}.Release|Any CPU.Build.0 = Release|Any CPU
	EndGlobalSection
	GlobalSection(SolutionProperties) = preSolution
		HideSolutionNode = FALSE
	EndGlobalSection
	GlobalSection(ExtensibilityGlobals) = postSolution
		SolutionGuid = {57902E6F-2820-4FD2-A99F-AF0E8E0D8F4D}
	EndGlobalSection
EndGlobal
